{
  "name": "apartment-seller",
  "version": "1.0.0",
  "lockfileVersion": 1,
  "requires": true,
  "dependencies": {
    "currencyformatter.js": {
      "version": "2.2.0",
      "resolved": "https://registry.npmjs.org/currencyformatter.js/-/currencyformatter.js-2.2.0.tgz",
      "integrity": "sha512-kfMfQBOsK9vnzqUT7pQY+I6ZTM7VWkICwiFUOLPLpOzR5Ir+AUoa1kO7I1clsiHXYe1FPyX91BRWBgHOUEH/NQ=="
    }
  }
}
